
Microsoft Visual Studio Solution File, Format Version 12.00
# Visual Studio 15
VisualStudioVersion = 15.0.28010.2050
MinimumVisualStudioVersion = 10.0.40219.1
Project("{FAE04EC0-301F-11D3-BF4B-00C04F79EFBC}") = "Spider", "Spider\Spider.csproj", "{812A1160-649E-4A5B-B866-E618F68BB788}"
EndProject
Global
	GlobalSection(SolutionConfigurationPlatforms) = preSolution
		Debug|Any CPU = Debug|Any CPU
		Release|Any CPU = Release|Any CPU
	EndGlobalSection
	GlobalSection(ProjectConfigurationPlatforms) = postSolution
		{812A1160-649E-4A5B-B866-E618F68BB788}.Debug|Any CPU.ActiveCfg = Debug|Any CPU
		{812A1160-649E-4A5B-B866-E618F68BB788}.Debug|Any CPU.Build.0 = Debug|Any CPU
		{812A1160-649E-4A5B-B866-E618F68BB788}.Release|Any CPU.ActiveCfg = Release|Any CPU
		{812A1160-649E-4A5B-B866-E618F68BB788}.Release|Any CPU.Build.0 = Release|Any CPU
	EndGlobalSection
	GlobalSection(SolutionProperties) = preSolution
		HideSolutionNode = FALSE
	EndGlobalSection
	GlobalSection(ExtensibilityGlobals) = postSolution
		SolutionGuid = {6D837C67-A600-49CC-A386-B8A64F08BE04}
	EndGlobalSection
EndGlobal
